
Microsoft Visual Studio Solution File, Format Version 12.00
# Visual Studio 15
VisualStudioVersion = 15.0.28307.645
MinimumVisualStudioVersion = 10.0.40219.1
Project("{8BC9CEB8-8B4A-11D0-8D11-00A0C91BC942}") = "RemoveDups", "RemoveDups\RemoveDups.vcxproj", "{B1D41EB2-C48F-4155-BD08-A7C0B7340F0E}"
EndProject
Global
	GlobalSection(SolutionConfigurationPlatforms) = preSolution
		Debug|x64 = Debug|x64
		Debug|x86 = Debug|x86
		Release|x64 = Release|x64
		Release|x86 = Release|x86
	EndGlobalSection
	GlobalSection(ProjectConfigurationPlatforms) = postSolution
		{B1D41EB2-C48F-4155-BD08-A7C0B7340F0E}.Debug|x64.ActiveCfg = Debug|x64
		{B1D41EB2-C48F-4155-BD08-A7C0B7340F0E}.Debug|x64.Build.0 = Debug|x64
		{B1D41EB2-C48F-4155-BD08-A7C0B7340F0E}.Debug|x86.ActiveCfg = Debug|Win32
		{B1D41EB2-C48F-4155-BD08-A7C0B7340F0E}.Debug|x86.Build.0 = Debug|Win32
		{B1D41EB2-C48F-4155-BD08-A7C0B7340F0E}.Release|x64.ActiveCfg = Release|x64
		{B1D41EB2-C48F-4155-BD08-A7C0B7340F0E}.Release|x64.Build.0 = Release|x64
		{B1D41EB2-C48F-4155-BD08-A7C0B7340F0E}.Release|x86.ActiveCfg = Release|Win32
		{B1D41EB2-C48F-4155-BD08-A7C0B7340F0E}.Release|x86.Build.0 = Release|Win32
	EndGlobalSection
	GlobalSection(SolutionProperties) = preSolution
		HideSolutionNode = FALSE
	EndGlobalSection
	GlobalSection(ExtensibilityGlobals) = postSolution
		SolutionGuid = {34A4CA07-CFD3-4C50-8E1C-EED9F791E8B9}
	EndGlobalSection
EndGlobal
