
Microsoft Visual Studio Solution File, Format Version 12.00
# Visual Studio 15
VisualStudioVersion = 15.0.28307.645
MinimumVisualStudioVersion = 10.0.40219.1
Project("{8BC9CEB8-8B4A-11D0-8D11-00A0C91BC942}") = "StringCompression", "StringCompression\StringCompression.vcxproj", "{FF316592-1F7F-4BBA-8374-DD8AB1F45506}"
EndProject
Global
	GlobalSection(SolutionConfigurationPlatforms) = preSolution
		Debug|x64 = Debug|x64
		Debug|x86 = Debug|x86
		Release|x64 = Release|x64
		Release|x86 = Release|x86
	EndGlobalSection
	GlobalSection(ProjectConfigurationPlatforms) = postSolution
		{FF316592-1F7F-4BBA-8374-DD8AB1F45506}.Debug|x64.ActiveCfg = Debug|x64
		{FF316592-1F7F-4BBA-8374-DD8AB1F45506}.Debug|x64.Build.0 = Debug|x64
		{FF316592-1F7F-4BBA-8374-DD8AB1F45506}.Debug|x86.ActiveCfg = Debug|Win32
		{FF316592-1F7F-4BBA-8374-DD8AB1F45506}.Debug|x86.Build.0 = Debug|Win32
		{FF316592-1F7F-4BBA-8374-DD8AB1F45506}.Release|x64.ActiveCfg = Release|x64
		{FF316592-1F7F-4BBA-8374-DD8AB1F45506}.Release|x64.Build.0 = Release|x64
		{FF316592-1F7F-4BBA-8374-DD8AB1F45506}.Release|x86.ActiveCfg = Release|Win32
		{FF316592-1F7F-4BBA-8374-DD8AB1F45506}.Release|x86.Build.0 = Release|Win32
	EndGlobalSection
	GlobalSection(SolutionProperties) = preSolution
		HideSolutionNode = FALSE
	EndGlobalSection
	GlobalSection(ExtensibilityGlobals) = postSolution
		SolutionGuid = {B9C05C5F-E335-4BB0-953D-B41D3CB768F2}
	EndGlobalSection
EndGlobal
